
Microsoft Visual Studio Solution File, Format Version 12.00
# Visual Studio Version 16
VisualStudioVersion = 16.0.29911.98
MinimumVisualStudioVersion = 10.0.40219.1
Project("{9A19103F-16F7-4668-BE54-9A1E7A4F7556}") = "SchnauzOnline", "SchnauzOnline\SchnauzOnline.csproj", "{1433EDCD-41CE-4F02-ACDA-7A7F61FC9428}"
EndProject
Project("{9A19103F-16F7-4668-BE54-9A1E7A4F7556}") = "SchnauzEngine", "SchnauzEngine\SchnauzEngine.csproj", "{8DAEB4DE-E18E-4A17-B7DE-F3F56A77D329}"
EndProject
Project("{9A19103F-16F7-4668-BE54-9A1E7A4F7556}") = "SchnauzEngineTest", "SchnauzEngineTest\SchnauzEngineTest.csproj", "{C980CBFD-CA93-4624-B45C-CD0594887288}"
EndProject
Global
	GlobalSection(SolutionConfigurationPlatforms) = preSolution
		Debug|Any CPU = Debug|Any CPU
		Release|Any CPU = Release|Any CPU
	EndGlobalSection
	GlobalSection(ProjectConfigurationPlatforms) = postSolution
		{1433EDCD-41CE-4F02-ACDA-7A7F61FC9428}.Debug|Any CPU.ActiveCfg = Debug|Any CPU
		{1433EDCD-41CE-4F02-ACDA-7A7F61FC9428}.Debug|Any CPU.Build.0 = Debug|Any CPU
		{1433EDCD-41CE-4F02-ACDA-7A7F61FC9428}.Release|Any CPU.ActiveCfg = Release|Any CPU
		{1433EDCD-41CE-4F02-ACDA-7A7F61FC9428}.Release|Any CPU.Build.0 = Release|Any CPU
		{8DAEB4DE-E18E-4A17-B7DE-F3F56A77D329}.Debug|Any CPU.ActiveCfg = Debug|Any CPU
		{8DAEB4DE-E18E-4A17-B7DE-F3F56A77D329}.Debug|Any CPU.Build.0 = Debug|Any CPU
		{8DAEB4DE-E18E-4A17-B7DE-F3F56A77D329}.Release|Any CPU.ActiveCfg = Release|Any CPU
		{8DAEB4DE-E18E-4A17-B7DE-F3F56A77D329}.Release|Any CPU.Build.0 = Release|Any CPU
		{C980CBFD-CA93-4624-B45C-CD0594887288}.Debug|Any CPU.ActiveCfg = Debug|Any CPU
		{C980CBFD-CA93-4624-B45C-CD0594887288}.Debug|Any CPU.Build.0 = Debug|Any CPU
		{C980CBFD-CA93-4624-B45C-CD0594887288}.Release|Any CPU.ActiveCfg = Release|Any CPU
		{C980CBFD-CA93-4624-B45C-CD0594887288}.Release|Any CPU.Build.0 = Release|Any CPU
	EndGlobalSection
	GlobalSection(SolutionProperties) = preSolution
		HideSolutionNode = FALSE
	EndGlobalSection
	GlobalSection(ExtensibilityGlobals) = postSolution
		SolutionGuid = {9D32738A-2C07-4BFA-AF01-6DE5A6475887}
	EndGlobalSection
EndGlobal
